
Microsoft Visual Studio Solution File, Format Version 12.00
# Visual Studio Version 16
VisualStudioVersion = 16.0.30517.126
MinimumVisualStudioVersion = 10.0.40219.1
Project("{FAE04EC0-301F-11D3-BF4B-00C04F79EFBC}") = "WebdevPeriod3", "WebdevPeriod3\WebdevPeriod3.csproj", "{14A9E854-59A1-4238-B8BA-5E8D3BB0F133}"
EndProject
Global
	GlobalSection(SolutionConfigurationPlatforms) = preSolution
		Debug|Any CPU = Debug|Any CPU
		Release|Any CPU = Release|Any CPU
	EndGlobalSection
	GlobalSection(ProjectConfigurationPlatforms) = postSolution
		{14A9E854-59A1-4238-B8BA-5E8D3BB0F133}.Debug|Any CPU.ActiveCfg = Debug|Any CPU
		{14A9E854-59A1-4238-B8BA-5E8D3BB0F133}.Debug|Any CPU.Build.0 = Debug|Any CPU
		{14A9E854-59A1-4238-B8BA-5E8D3BB0F133}.Release|Any CPU.ActiveCfg = Release|Any CPU
		{14A9E854-59A1-4238-B8BA-5E8D3BB0F133}.Release|Any CPU.Build.0 = Release|Any CPU
	EndGlobalSection
	GlobalSection(SolutionProperties) = preSolution
		HideSolutionNode = FALSE
	EndGlobalSection
	GlobalSection(ExtensibilityGlobals) = postSolution
		SolutionGuid = {D1C6DC07-9B09-4136-9E21-2F8570768B3E}
	EndGlobalSection
EndGlobal
